
Microsoft Visual Studio Solution File, Format Version 12.00
# Visual Studio Version 16
VisualStudioVersion = 16.0.30330.147
MinimumVisualStudioVersion = 10.0.40219.1
Project("{9A19103F-16F7-4668-BE54-9A1E7A4F7556}") = "CheckNote.Server", "Server\CheckNote.Server.csproj", "{69F57E91-2FDB-4BD3-A74F-8B116BA095DB}"
EndProject
Project("{9A19103F-16F7-4668-BE54-9A1E7A4F7556}") = "CheckNote.Client", "Client\CheckNote.Client.csproj", "{68B47025-1B47-48C5-928F-63CFE73C133D}"
EndProject
Project("{9A19103F-16F7-4668-BE54-9A1E7A4F7556}") = "CheckNote.Shared", "Shared\CheckNote.Shared.csproj", "{029CDB6D-0DFA-49DC-8DD8-2A73C33C1F52}"
EndProject
Global
	GlobalSection(SolutionConfigurationPlatforms) = preSolution
		Debug|Any CPU = Debug|Any CPU
		Release|Any CPU = Release|Any CPU
	EndGlobalSection
	GlobalSection(ProjectConfigurationPlatforms) = postSolution
		{69F57E91-2FDB-4BD3-A74F-8B116BA095DB}.Debug|Any CPU.ActiveCfg = Debug|Any CPU
		{69F57E91-2FDB-4BD3-A74F-8B116BA095DB}.Debug|Any CPU.Build.0 = Debug|Any CPU
		{69F57E91-2FDB-4BD3-A74F-8B116BA095DB}.Release|Any CPU.ActiveCfg = Release|Any CPU
		{69F57E91-2FDB-4BD3-A74F-8B116BA095DB}.Release|Any CPU.Build.0 = Release|Any CPU
		{68B47025-1B47-48C5-928F-63CFE73C133D}.Debug|Any CPU.ActiveCfg = Debug|Any CPU
		{68B47025-1B47-48C5-928F-63CFE73C133D}.Debug|Any CPU.Build.0 = Debug|Any CPU
		{68B47025-1B47-48C5-928F-63CFE73C133D}.Release|Any CPU.ActiveCfg = Release|Any CPU
		{68B47025-1B47-48C5-928F-63CFE73C133D}.Release|Any CPU.Build.0 = Release|Any CPU
		{029CDB6D-0DFA-49DC-8DD8-2A73C33C1F52}.Debug|Any CPU.ActiveCfg = Debug|Any CPU
		{029CDB6D-0DFA-49DC-8DD8-2A73C33C1F52}.Debug|Any CPU.Build.0 = Debug|Any CPU
		{029CDB6D-0DFA-49DC-8DD8-2A73C33C1F52}.Release|Any CPU.ActiveCfg = Release|Any CPU
		{029CDB6D-0DFA-49DC-8DD8-2A73C33C1F52}.Release|Any CPU.Build.0 = Release|Any CPU
	EndGlobalSection
	GlobalSection(SolutionProperties) = preSolution
		HideSolutionNode = FALSE
	EndGlobalSection
	GlobalSection(ExtensibilityGlobals) = postSolution
		SolutionGuid = {F7CDFAD4-5961-48D1-BCE6-E31FC53237F5}
	EndGlobalSection
EndGlobal
